version = 1
revision = 2
requires-python = ">=3.13"

[[package]]
name = "black"
version = "25.1.0"
source = { registry = "https://pypi.org/simple" }
dependencies = [
    { name = "click" },
    { name = "mypy-extensions" },
    { name = "packaging" },
    { name = "pathspec" },
    { name = "platformdirs" },
]
sdist = { url = "https://files.pythonhosted.org/packages/94/49/26a7b0f3f35da4b5a65f081943b7bcd22d7002f5f0fb8098ec1ff21cb6ef/black-25.1.0.tar.gz", hash = "sha256:33496d5cd1222ad73391352b4ae8da15253c5de89b93a80b3e2c8d9a19ec2666", size = 649449, upload_time = "2025-01-29T04:15:40.373Z" }
wheels = [
    { url = "https://files.pythonhosted.org/packages/98/87/0edf98916640efa5d0696e1abb0a8357b52e69e82322628f25bf14d263d1/black-25.1.0-cp313-cp313-macosx_10_13_x86_64.whl", hash = "sha256:8f0b18a02996a836cc9c9c78e5babec10930862827b1b724ddfe98ccf2f2fe4f", size = 1650673, upload_time = "2025-01-29T05:37:20.574Z" },
    { url = "https://files.pythonhosted.org/packages/52/e5/f7bf17207cf87fa6e9b676576749c6b6ed0d70f179a3d812c997870291c3/black-25.1.0-cp313-cp313-macosx_11_0_arm64.whl", hash = "sha256:afebb7098bfbc70037a053b91ae8437c3857482d3a690fefc03e9ff7aa9a5fd3", size = 1453190, upload_time = "2025-01-29T05:37:22.106Z" },
    { url = "https://files.pythonhosted.org/packages/e3/ee/adda3d46d4a9120772fae6de454c8495603c37c4c3b9c60f25b1ab6401fe/black-25.1.0-cp313-cp313-manylinux_2_17_x86_64.manylinux2014_x86_64.manylinux_2_28_x86_64.whl", hash = "sha256:030b9759066a4ee5e5aca28c3c77f9c64789cdd4de8ac1df642c40b708be6171", size = 1782926, upload_time = "2025-01-29T04:18:58.564Z" },
    { url = "https://files.pythonhosted.org/packages/cc/64/94eb5f45dcb997d2082f097a3944cfc7fe87e071907f677e80788a2d7b7a/black-25.1.0-cp313-cp313-win_amd64.whl", hash = "sha256:a22f402b410566e2d1c950708c77ebf5ebd5d0d88a6a2e87c86d9fb48afa0d18", size = 1442613, upload_time = "2025-01-29T04:19:27.63Z" },
    { url = "https://files.pythonhosted.org/packages/09/71/54e999902aed72baf26bca0d50781b01838251a462612966e9fc4891eadd/black-25.1.0-py3-none-any.whl", hash = "sha256:95e8176dae143ba9097f351d174fdaf0ccd29efb414b362ae3fd72bf0f710717", size = 207646, upload_time = "2025-01-29T04:15:38.082Z" },
]

[[package]]
name = "click"
version = "8.1.8"
source = { registry = "https://pypi.org/simple" }
dependencies = [
    { name = "colorama", marker = "sys_platform == 'win32'" },
]
sdist = { url = "https://files.pythonhosted.org/packages/b9/2e/0090cbf739cee7d23781ad4b89a9894a41538e4fcf4c31dcdd705b78eb8b/click-8.1.8.tar.gz", hash = "sha256:ed53c9d8990d83c2a27deae68e4ee337473f6330c040a31d4225c9574d16096a", size = 226593, upload_time = "2024-12-21T18:38:44.339Z" }
wheels = [
    { url = "https://files.pythonhosted.org/packages/7e/d4/7ebdbd03970677812aac39c869717059dbb71a4cfc033ca6e5221787892c/click-8.1.8-py3-none-any.whl", hash = "sha256:63c132bbbed01578a06712a2d1f497bb62d9c1c0d329b7903a866228027263b2", size = 98188, upload_time = "2024-12-21T18:38:41.666Z" },
]

[[package]]
name = "colorama"
version = "0.4.6"
source = { registry = "https://pypi.org/simple" }
sdist = { url = "https://files.pythonhosted.org/packages/d8/53/6f443c9a4a8358a93a6792e2acffb9d9d5cb0a5cfd8802644b7b1c9a02e4/colorama-0.4.6.tar.gz", hash = "sha256:08695f5cb7ed6e0531a20572697297273c47b8cae5a63ffc6d6ed5c201be6e44", size = 27697, upload_time = "2022-10-25T02:36:22.414Z" }
wheels = [
    { url = "https://files.pythonhosted.org/packages/d1/d6/3965ed04c63042e047cb6a3e6ed1a63a35087b6a609aa3a15ed8ac56c221/colorama-0.4.6-py2.py3-none-any.whl", hash = "sha256:4f1d9991f5acc0ca119f9d443620b77f9d6b33703e51011c16baf57afb285fc6", size = 25335, upload_time = "2022-10-25T02:36:20.889Z" },
]

[[package]]
name = "line-profiler"
version = "4.2.0"
source = { registry = "https://pypi.org/simple" }
sdist = { url = "https://files.pythonhosted.org/packages/55/3f/f0659eb67f76022b5f7722cdc71a6059536e11f20c9dcc5a96a2f923923d/line_profiler-4.2.0.tar.gz", hash = "sha256:09e10f25f876514380b3faee6de93fb0c228abba85820ba1a591ddb3eb451a96", size = 199037, upload_time = "2024-12-03T17:12:20.08Z" }
wheels = [
    { url = "https://files.pythonhosted.org/packages/34/33/44bdf36948154a76aee5652dd405ce50a45fa4177c987c1694eea13eac31/line_profiler-4.2.0-cp313-cp313-macosx_10_13_universal2.whl", hash = "sha256:49db0804e9e330076f0b048d63fd3206331ca0104dd549f61b2466df0f10ecda", size = 218791, upload_time = "2024-12-03T17:11:41.16Z" },
    { url = "https://files.pythonhosted.org/packages/51/78/7a41c05af37e0b7230593f3ae8d06d45a122fb84e1e70dcbba319c080887/line_profiler-4.2.0-cp313-cp313-macosx_10_13_x86_64.whl", hash = "sha256:2e983ed4fb2cd68bb8896f6bad7f29ddf9112b978f700448510477bc9fde18db", size = 140191, upload_time = "2024-12-03T17:11:43.044Z" },
    { url = "https://files.pythonhosted.org/packages/d9/03/ac68ebaffa41d4fda12d8ecb47b686d8c1a0fad6db03bdfb3490ad6035c7/line_profiler-4.2.0-cp313-cp313-macosx_11_0_arm64.whl", hash = "sha256:d6b27c5880b29369e6bebfe434a16c60cbcd290aa4c384ac612e5777737893f8", size = 133297, upload_time = "2024-12-03T17:11:44.976Z" },
    { url = "https://files.pythonhosted.org/packages/da/19/2ae0d8f9e39ad3413a219f69acb23a371c99863d48cce0273926d9dc4204/line_profiler-4.2.0-cp313-cp313-manylinux_2_17_i686.manylinux2014_i686.whl", hash = "sha256:ae2584dc0af3107efa60bd2ccaa7233dca98e3dff4b11138c0ac30355bc87f1a", size = 691235, upload_time = "2024-12-03T17:11:46.932Z" },
    { url = "https://files.pythonhosted.org/packages/e4/36/ecc106dd448a112455a8585db0994886b0439bbf808215249a89302dd626/line_profiler-4.2.0-cp313-cp313-manylinux_2_17_x86_64.manylinux2014_x86_64.whl", hash = "sha256:6767d8b922a7368b6917a47c164c3d96d48b82109ad961ef518e78800947cef4", size = 718497, upload_time = "2024-12-03T17:11:48.961Z" },
    { url = "https://files.pythonhosted.org/packages/8a/61/6293341fbcc6c5b4469f49bd94f37fea5d2efc8cce441809012346a5b7d0/line_profiler-4.2.0-cp313-cp313-musllinux_1_2_x86_64.whl", hash = "sha256:3137672a769717be4da3a6e006c3bd7b66ad4a341ba89ee749ef96c158a15b22", size = 1701191, upload_time = "2024-12-03T17:11:50.41Z" },
    { url = "https://files.pythonhosted.org/packages/23/9c/ab8a94c30c082caca87bc0db78efe91372e45d35a700ef07ffe78ed10cda/line_profiler-4.2.0-cp313-cp313-win_amd64.whl", hash = "sha256:727e970d358616a1a33d51d696efec932a5ef7730785df62658bd7e74aa58951", size = 128232, upload_time = "2024-12-03T17:11:51.741Z" },
]

[[package]]
name = "line-profiler-pycharm"
version = "1.2.0"
source = { registry = "https://pypi.org/simple" }
dependencies = [
    { name = "line-profiler" },
]
sdist = { url = "https://files.pythonhosted.org/packages/d0/b0/d7437c668ce49d45b8e28548d863ffccf4c067c66f147444594c1e531a92/line_profiler_pycharm-1.2.0.tar.gz", hash = "sha256:16cacf234952420fc324f17704c0cc2145d5afd2ec0593e359796927bcc0debb", size = 4386, upload_time = "2024-09-23T18:50:41.351Z" }
wheels = [
    { url = "https://files.pythonhosted.org/packages/cd/5e/b0331bf5e3f9f193b776fc0b22348143fc36f59bb931f0679a473ee667eb/line_profiler_pycharm-1.2.0-py3-none-any.whl", hash = "sha256:2d4c47c6894ab81f48fbb132ac4830490813b13c297016ae0d97bc7ef12041ad", size = 4762, upload_time = "2024-09-23T18:50:39.553Z" },
]

[[package]]
name = "multipledispatch"
version = "1.0.0"
source = { registry = "https://pypi.org/simple" }
sdist = { url = "https://files.pythonhosted.org/packages/fe/3e/a62c3b824c7dec33c4a1578bcc842e6c30300051033a4e5975ed86cc2536/multipledispatch-1.0.0.tar.gz", hash = "sha256:5c839915465c68206c3e9c473357908216c28383b425361e5d144594bf85a7e0", size = 12385, upload_time = "2023-06-27T16:45:11.074Z" }
wheels = [
    { url = "https://files.pythonhosted.org/packages/51/c0/00c9809d8b9346eb238a6bbd5f83e846a4ce4503da94a4c08cb7284c325b/multipledispatch-1.0.0-py3-none-any.whl", hash = "sha256:0c53cd8b077546da4e48869f49b13164bebafd0c2a5afceb6bb6a316e7fb46e4", size = 12818, upload_time = "2023-06-27T16:45:09.418Z" },
]

[[package]]
name = "mypy-extensions"
version = "1.1.0"
source = { registry = "https://pypi.org/simple" }
sdist = { url = "https://files.pythonhosted.org/packages/a2/6e/371856a3fb9d31ca8dac321cda606860fa4548858c0cc45d9d1d4ca2628b/mypy_extensions-1.1.0.tar.gz", hash = "sha256:52e68efc3284861e772bbcd66823fde5ae21fd2fdb51c62a211403730b916558", size = 6343, upload_time = "2025-04-22T14:54:24.164Z" }
wheels = [
    { url = "https://files.pythonhosted.org/packages/79/7b/2c79738432f5c924bef5071f933bcc9efd0473bac3b4aa584a6f7c1c8df8/mypy_extensions-1.1.0-py3-none-any.whl", hash = "sha256:1be4cccdb0f2482337c4743e60421de3a356cd97508abadd57d47403e94f5505", size = 4963, upload_time = "2025-04-22T14:54:22.983Z" },
]

[[package]]
name = "numpy"
version = "2.2.5"
source = { registry = "https://pypi.org/simple" }
sdist = { url = "https://files.pythonhosted.org/packages/dc/b2/ce4b867d8cd9c0ee84938ae1e6a6f7926ebf928c9090d036fc3c6a04f946/numpy-2.2.5.tar.gz", hash = "sha256:a9c0d994680cd991b1cb772e8b297340085466a6fe964bc9d4e80f5e2f43c291", size = 20273920, upload_time = "2025-04-19T23:27:42.561Z" }
wheels = [
    { url = "https://files.pythonhosted.org/packages/e2/a0/0aa7f0f4509a2e07bd7a509042967c2fab635690d4f48c6c7b3afd4f448c/numpy-2.2.5-cp313-cp313-macosx_10_13_x86_64.whl", hash = "sha256:059b51b658f4414fff78c6d7b1b4e18283ab5fa56d270ff212d5ba0c561846f4", size = 20935102, upload_time = "2025-04-19T22:41:16.234Z" },
    { url = "https://files.pythonhosted.org/packages/7e/e4/a6a9f4537542912ec513185396fce52cdd45bdcf3e9d921ab02a93ca5aa9/numpy-2.2.5-cp313-cp313-macosx_11_0_arm64.whl", hash = "sha256:47f9ed103af0bc63182609044b0490747e03bd20a67e391192dde119bf43d52f", size = 14191709, upload_time = "2025-04-19T22:41:38.472Z" },
    { url = "https://files.pythonhosted.org/packages/be/65/72f3186b6050bbfe9c43cb81f9df59ae63603491d36179cf7a7c8d216758/numpy-2.2.5-cp313-cp313-macosx_14_0_arm64.whl", hash = "sha256:261a1ef047751bb02f29dfe337230b5882b54521ca121fc7f62668133cb119c9", size = 5149173, upload_time = "2025-04-19T22:41:47.823Z" },
    { url = "https://files.pythonhosted.org/packages/e5/e9/83e7a9432378dde5802651307ae5e9ea07bb72b416728202218cd4da2801/numpy-2.2.5-cp313-cp313-macosx_14_0_x86_64.whl", hash = "sha256:4520caa3807c1ceb005d125a75e715567806fed67e315cea619d5ec6e75a4191", size = 6684502, upload_time = "2025-04-19T22:41:58.689Z" },
    { url = "https://files.pythonhosted.org/packages/ea/27/b80da6c762394c8ee516b74c1f686fcd16c8f23b14de57ba0cad7349d1d2/numpy-2.2.5-cp313-cp313-manylinux_2_17_aarch64.manylinux2014_aarch64.whl", hash = "sha256:3d14b17b9be5f9c9301f43d2e2a4886a33b53f4e6fdf9ca2f4cc60aeeee76372", size = 14084417, upload_time = "2025-04-19T22:42:19.897Z" },
    { url = "https://files.pythonhosted.org/packages/aa/fc/ebfd32c3e124e6a1043e19c0ab0769818aa69050ce5589b63d05ff185526/numpy-2.2.5-cp313-cp313-manylinux_2_17_x86_64.manylinux2014_x86_64.whl", hash = "sha256:2ba321813a00e508d5421104464510cc962a6f791aa2fca1c97b1e65027da80d", size = 16133807, upload_time = "2025-04-19T22:42:44.433Z" },
    { url = "https://files.pythonhosted.org/packages/bf/9b/4cc171a0acbe4666f7775cfd21d4eb6bb1d36d3a0431f48a73e9212d2278/numpy-2.2.5-cp313-cp313-musllinux_1_2_aarch64.whl", hash = "sha256:a4cbdef3ddf777423060c6f81b5694bad2dc9675f110c4b2a60dc0181543fac7", size = 15575611, upload_time = "2025-04-19T22:43:09.928Z" },
    { url = "https://files.pythonhosted.org/packages/a3/45/40f4135341850df48f8edcf949cf47b523c404b712774f8855a64c96ef29/numpy-2.2.5-cp313-cp313-musllinux_1_2_x86_64.whl", hash = "sha256:54088a5a147ab71a8e7fdfd8c3601972751ded0739c6b696ad9cb0343e21ab73", size = 17895747, upload_time = "2025-04-19T22:43:36.983Z" },
    { url = "https://files.pythonhosted.org/packages/f8/4c/b32a17a46f0ffbde8cc82df6d3daeaf4f552e346df143e1b188a701a8f09/numpy-2.2.5-cp313-cp313-win32.whl", hash = "sha256:c8b82a55ef86a2d8e81b63da85e55f5537d2157165be1cb2ce7cfa57b6aef38b", size = 6309594, upload_time = "2025-04-19T22:47:10.523Z" },
    { url = "https://files.pythonhosted.org/packages/13/ae/72e6276feb9ef06787365b05915bfdb057d01fceb4a43cb80978e518d79b/numpy-2.2.5-cp313-cp313-win_amd64.whl", hash = "sha256:d8882a829fd779f0f43998e931c466802a77ca1ee0fe25a3abe50278616b1471", size = 12638356, upload_time = "2025-04-19T22:47:30.253Z" },
    { url = "https://files.pythonhosted.org/packages/79/56/be8b85a9f2adb688e7ded6324e20149a03541d2b3297c3ffc1a73f46dedb/numpy-2.2.5-cp313-cp313t-macosx_10_13_x86_64.whl", hash = "sha256:e8b025c351b9f0e8b5436cf28a07fa4ac0204d67b38f01433ac7f9b870fa38c6", size = 20963778, upload_time = "2025-04-19T22:44:09.251Z" },
    { url = "https://files.pythonhosted.org/packages/ff/77/19c5e62d55bff507a18c3cdff82e94fe174957bad25860a991cac719d3ab/numpy-2.2.5-cp313-cp313t-macosx_11_0_arm64.whl", hash = "sha256:8dfa94b6a4374e7851bbb6f35e6ded2120b752b063e6acdd3157e4d2bb922eba", size = 14207279, upload_time = "2025-04-19T22:44:31.383Z" },
    { url = "https://files.pythonhosted.org/packages/75/22/aa11f22dc11ff4ffe4e849d9b63bbe8d4ac6d5fae85ddaa67dfe43be3e76/numpy-2.2.5-cp313-cp313t-macosx_14_0_arm64.whl", hash = "sha256:97c8425d4e26437e65e1d189d22dff4a079b747ff9c2788057bfb8114ce1e133", size = 5199247, upload_time = "2025-04-19T22:44:40.361Z" },
    { url = "https://files.pythonhosted.org/packages/4f/6c/12d5e760fc62c08eded0394f62039f5a9857f758312bf01632a81d841459/numpy-2.2.5-cp313-cp313t-macosx_14_0_x86_64.whl", hash = "sha256:352d330048c055ea6db701130abc48a21bec690a8d38f8284e00fab256dc1376", size = 6711087, upload_time = "2025-04-19T22:44:51.188Z" },
    { url = "https://files.pythonhosted.org/packages/ef/94/ece8280cf4218b2bee5cec9567629e61e51b4be501e5c6840ceb593db945/numpy-2.2.5-cp313-cp313t-manylinux_2_17_aarch64.manylinux2014_aarch64.whl", hash = "sha256:8b4c0773b6ada798f51f0f8e30c054d32304ccc6e9c5d93d46cb26f3d385ab19", size = 14059964, upload_time = "2025-04-19T22:45:12.451Z" },
    { url = "https://files.pythonhosted.org/packages/39/41/c5377dac0514aaeec69115830a39d905b1882819c8e65d97fc60e177e19e/numpy-2.2.5-cp313-cp313t-manylinux_2_17_x86_64.manylinux2014_x86_64.whl", hash = "sha256:55f09e00d4dccd76b179c0f18a44f041e5332fd0e022886ba1c0bbf3ea4a18d0", size = 16121214, upload_time = "2025-04-19T22:45:37.734Z" },
    { url = "https://files.pythonhosted.org/packages/db/54/3b9f89a943257bc8e187145c6bc0eb8e3d615655f7b14e9b490b053e8149/numpy-2.2.5-cp313-cp313t-musllinux_1_2_aarch64.whl", hash = "sha256:02f226baeefa68f7d579e213d0f3493496397d8f1cff5e2b222af274c86a552a", size = 15575788, upload_time = "2025-04-19T22:46:01.908Z" },
    { url = "https://files.pythonhosted.org/packages/b1/c4/2e407e85df35b29f79945751b8f8e671057a13a376497d7fb2151ba0d290/numpy-2.2.5-cp313-cp313t-musllinux_1_2_x86_64.whl", hash = "sha256:c26843fd58f65da9491165072da2cccc372530681de481ef670dcc8e27cfb066", size = 17893672, upload_time = "2025-04-19T22:46:28.585Z" },
    { url = "https://files.pythonhosted.org/packages/29/7e/d0b44e129d038dba453f00d0e29ebd6eaf2f06055d72b95b9947998aca14/numpy-2.2.5-cp313-cp313t-win32.whl", hash = "sha256:1a161c2c79ab30fe4501d5a2bbfe8b162490757cf90b7f05be8b80bc02f7bb8e", size = 6377102, upload_time = "2025-04-19T22:46:39.949Z" },
    { url = "https://files.pythonhosted.org/packages/63/be/b85e4aa4bf42c6502851b971f1c326d583fcc68227385f92089cf50a7b45/numpy-2.2.5-cp313-cp313t-win_amd64.whl", hash = "sha256:d403c84991b5ad291d3809bace5e85f4bbf44a04bdc9a88ed2bb1807b3360bb8", size = 12750096, upload_time = "2025-04-19T22:47:00.147Z" },
]

[[package]]
name = "packaging"
version = "25.0"
source = { registry = "https://pypi.org/simple" }
sdist = { url = "https://files.pythonhosted.org/packages/a1/d4/1fc4078c65507b51b96ca8f8c3ba19e6a61c8253c72794544580a7b6c24d/packaging-25.0.tar.gz", hash = "sha256:d443872c98d677bf60f6a1f2f8c1cb748e8fe762d2bf9d3148b5599295b0fc4f", size = 165727, upload_time = "2025-04-19T11:48:59.673Z" }
wheels = [
    { url = "https://files.pythonhosted.org/packages/20/12/38679034af332785aac8774540895e234f4d07f7545804097de4b666afd8/packaging-25.0-py3-none-any.whl", hash = "sha256:29572ef2b1f17581046b3a2227d5c611fb25ec70ca1ba8554b24b0e69331a484", size = 66469, upload_time = "2025-04-19T11:48:57.875Z" },
]

[[package]]
name = "pandas"
version = "2.2.3"
source = { registry = "https://pypi.org/simple" }
dependencies = [
    { name = "numpy" },
    { name = "python-dateutil" },
    { name = "pytz" },
    { name = "tzdata" },
]
sdist = { url = "https://files.pythonhosted.org/packages/9c/d6/9f8431bacc2e19dca897724cd097b1bb224a6ad5433784a44b587c7c13af/pandas-2.2.3.tar.gz", hash = "sha256:4f18ba62b61d7e192368b84517265a99b4d7ee8912f8708660fb4a366cc82667", size = 4399213, upload_time = "2024-09-20T13:10:04.827Z" }
wheels = [
    { url = "https://files.pythonhosted.org/packages/64/22/3b8f4e0ed70644e85cfdcd57454686b9057c6c38d2f74fe4b8bc2527214a/pandas-2.2.3-cp313-cp313-macosx_10_13_x86_64.whl", hash = "sha256:f00d1345d84d8c86a63e476bb4955e46458b304b9575dcf71102b5c705320015", size = 12477643, upload_time = "2024-09-20T13:09:25.522Z" },
    { url = "https://files.pythonhosted.org/packages/e4/93/b3f5d1838500e22c8d793625da672f3eec046b1a99257666c94446969282/pandas-2.2.3-cp313-cp313-macosx_11_0_arm64.whl", hash = "sha256:3508d914817e153ad359d7e069d752cdd736a247c322d932eb89e6bc84217f28", size = 11281573, upload_time = "2024-09-20T13:09:28.012Z" },
    { url = "https://files.pythonhosted.org/packages/f5/94/6c79b07f0e5aab1dcfa35a75f4817f5c4f677931d4234afcd75f0e6a66ca/pandas-2.2.3-cp313-cp313-manylinux2014_aarch64.manylinux_2_17_aarch64.whl", hash = "sha256:22a9d949bfc9a502d320aa04e5d02feab689d61da4e7764b62c30b991c42c5f0", size = 15196085, upload_time = "2024-09-20T19:02:10.451Z" },
    { url = "https://files.pythonhosted.org/packages/e8/31/aa8da88ca0eadbabd0a639788a6da13bb2ff6edbbb9f29aa786450a30a91/pandas-2.2.3-cp313-cp313-manylinux_2_17_x86_64.manylinux2014_x86_64.whl", hash = "sha256:f3a255b2c19987fbbe62a9dfd6cff7ff2aa9ccab3fc75218fd4b7530f01efa24", size = 12711809, upload_time = "2024-09-20T13:09:30.814Z" },
    { url = "https://files.pythonhosted.org/packages/ee/7c/c6dbdb0cb2a4344cacfb8de1c5808ca885b2e4dcfde8008266608f9372af/pandas-2.2.3-cp313-cp313-musllinux_1_2_aarch64.whl", hash = "sha256:800250ecdadb6d9c78eae4990da62743b857b470883fa27f652db8bdde7f6659", size = 16356316, upload_time = "2024-09-20T19:02:13.825Z" },
    { url = "https://files.pythonhosted.org/packages/57/b7/8b757e7d92023b832869fa8881a992696a0bfe2e26f72c9ae9f255988d42/pandas-2.2.3-cp313-cp313-musllinux_1_2_x86_64.whl", hash = "sha256:6374c452ff3ec675a8f46fd9ab25c4ad0ba590b71cf0656f8b6daa5202bca3fb", size = 14022055, upload_time = "2024-09-20T13:09:33.462Z" },
    { url = "https://files.pythonhosted.org/packages/3b/bc/4b18e2b8c002572c5a441a64826252ce5da2aa738855747247a971988043/pandas-2.2.3-cp313-cp313-win_amd64.whl", hash = "sha256:61c5ad4043f791b61dd4752191d9f07f0ae412515d59ba8f005832a532f8736d", size = 11481175, upload_time = "2024-09-20T13:09:35.871Z" },
    { url = "https://files.pythonhosted.org/packages/76/a3/a5d88146815e972d40d19247b2c162e88213ef51c7c25993942c39dbf41d/pandas-2.2.3-cp313-cp313t-macosx_10_13_x86_64.whl", hash = "sha256:3b71f27954685ee685317063bf13c7709a7ba74fc996b84fc6821c59b0f06468", size = 12615650, upload_time = "2024-09-20T13:09:38.685Z" },
    { url = "https://files.pythonhosted.org/packages/9c/8c/f0fd18f6140ddafc0c24122c8a964e48294acc579d47def376fef12bcb4a/pandas-2.2.3-cp313-cp313t-macosx_11_0_arm64.whl", hash = "sha256:38cf8125c40dae9d5acc10fa66af8ea6fdf760b2714ee482ca691fc66e6fcb18", size = 11290177, upload_time = "2024-09-20T13:09:41.141Z" },
    { url = "https://files.pythonhosted.org/packages/ed/f9/e995754eab9c0f14c6777401f7eece0943840b7a9fc932221c19d1abee9f/pandas-2.2.3-cp313-cp313t-manylinux2014_aarch64.manylinux_2_17_aarch64.whl", hash = "sha256:ba96630bc17c875161df3818780af30e43be9b166ce51c9a18c1feae342906c2", size = 14651526, upload_time = "2024-09-20T19:02:16.905Z" },
    { url = "https://files.pythonhosted.org/packages/25/b0/98d6ae2e1abac4f35230aa756005e8654649d305df9a28b16b9ae4353bff/pandas-2.2.3-cp313-cp313t-manylinux_2_17_x86_64.manylinux2014_x86_64.whl", hash = "sha256:1db71525a1538b30142094edb9adc10be3f3e176748cd7acc2240c2f2e5aa3a4", size = 11871013, upload_time = "2024-09-20T13:09:44.39Z" },
    { url = "https://files.pythonhosted.org/packages/cc/57/0f72a10f9db6a4628744c8e8f0df4e6e21de01212c7c981d31e50ffc8328/pandas-2.2.3-cp313-cp313t-musllinux_1_2_aarch64.whl", hash = "sha256:15c0e1e02e93116177d29ff83e8b1619c93ddc9c49083f237d4312337a61165d", size = 15711620, upload_time = "2024-09-20T19:02:20.639Z" },
    { url = "https://files.pythonhosted.org/packages/ab/5f/b38085618b950b79d2d9164a711c52b10aefc0ae6833b96f626b7021b2ed/pandas-2.2.3-cp313-cp313t-musllinux_1_2_x86_64.whl", hash = "sha256:ad5b65698ab28ed8d7f18790a0dc58005c7629f227be9ecc1072aa74c0c1d43a", size = 13098436, upload_time = "2024-09-20T13:09:48.112Z" },
]

[[package]]
name = "pathspec"
version = "0.12.1"
source = { registry = "https://pypi.org/simple" }
sdist = { url = "https://files.pythonhosted.org/packages/ca/bc/f35b8446f4531a7cb215605d100cd88b7ac6f44ab3fc94870c120ab3adbf/pathspec-0.12.1.tar.gz", hash = "sha256:a482d51503a1ab33b1c67a6c3813a26953dbdc71c31dacaef9a838c4e29f5712", size = 51043, upload_time = "2023-12-10T22:30:45Z" }
wheels = [
    { url = "https://files.pythonhosted.org/packages/cc/20/ff623b09d963f88bfde16306a54e12ee5ea43e9b597108672ff3a408aad6/pathspec-0.12.1-py3-none-any.whl", hash = "sha256:a0d503e138a4c123b27490a4f7beda6a01c6f288df0e4a8b79c7eb0dc7b4cc08", size = 31191, upload_time = "2023-12-10T22:30:43.14Z" },
]

[[package]]
name = "patsy"
version = "1.0.1"
source = { registry = "https://pypi.org/simple" }
dependencies = [
    { name = "numpy" },
]
sdist = { url = "https://files.pythonhosted.org/packages/d1/81/74f6a65b848ffd16c18f920620ce999fe45fe27f01ab3911260ce4ed85e4/patsy-1.0.1.tar.gz", hash = "sha256:e786a9391eec818c054e359b737bbce692f051aee4c661f4141cc88fb459c0c4", size = 396010, upload_time = "2024-11-12T14:10:54.642Z" }
wheels = [
    { url = "https://files.pythonhosted.org/packages/87/2b/b50d3d08ea0fc419c183a84210571eba005328efa62b6b98bc28e9ead32a/patsy-1.0.1-py2.py3-none-any.whl", hash = "sha256:751fb38f9e97e62312e921a1954b81e1bb2bcda4f5eeabaf94db251ee791509c", size = 232923, upload_time = "2024-11-12T14:10:52.85Z" },
]

[[package]]
name = "platformdirs"
version = "4.3.7"
source = { registry = "https://pypi.org/simple" }
sdist = { url = "https://files.pythonhosted.org/packages/b6/2d/7d512a3913d60623e7eb945c6d1b4f0bddf1d0b7ada5225274c87e5b53d1/platformdirs-4.3.7.tar.gz", hash = "sha256:eb437d586b6a0986388f0d6f74aa0cde27b48d0e3d66843640bfb6bdcdb6e351", size = 21291, upload_time = "2025-03-19T20:36:10.989Z" }
wheels = [
    { url = "https://files.pythonhosted.org/packages/6d/45/59578566b3275b8fd9157885918fcd0c4d74162928a5310926887b856a51/platformdirs-4.3.7-py3-none-any.whl", hash = "sha256:a03875334331946f13c549dbd8f4bac7a13a50a895a0eb1e8c6a8ace80d40a94", size = 18499, upload_time = "2025-03-19T20:36:09.038Z" },
]

[[package]]
name = "python-dateutil"
version = "2.9.0.post0"
source = { registry = "https://pypi.org/simple" }
dependencies = [
    { name = "six" },
]
sdist = { url = "https://files.pythonhosted.org/packages/66/c0/0c8b6ad9f17a802ee498c46e004a0eb49bc148f2fd230864601a86dcf6db/python-dateutil-2.9.0.post0.tar.gz", hash = "sha256:37dd54208da7e1cd875388217d5e00ebd4179249f90fb72437e91a35459a0ad3", size = 342432, upload_time = "2024-03-01T18:36:20.211Z" }
wheels = [
    { url = "https://files.pythonhosted.org/packages/ec/57/56b9bcc3c9c6a792fcbaf139543cee77261f3651ca9da0c93f5c1221264b/python_dateutil-2.9.0.post0-py2.py3-none-any.whl", hash = "sha256:a8b2bc7bffae282281c8140a97d3aa9c14da0b136dfe83f850eea9a5f7470427", size = 229892, upload_time = "2024-03-01T18:36:18.57Z" },
]

[[package]]
name = "pytz"
version = "2025.2"
source = { registry = "https://pypi.org/simple" }
sdist = { url = "https://files.pythonhosted.org/packages/f8/bf/abbd3cdfb8fbc7fb3d4d38d320f2441b1e7cbe29be4f23797b4a2b5d8aac/pytz-2025.2.tar.gz", hash = "sha256:360b9e3dbb49a209c21ad61809c7fb453643e048b38924c765813546746e81c3", size = 320884, upload_time = "2025-03-25T02:25:00.538Z" }
wheels = [
    { url = "https://files.pythonhosted.org/packages/81/c4/34e93fe5f5429d7570ec1fa436f1986fb1f00c3e0f43a589fe2bbcd22c3f/pytz-2025.2-py2.py3-none-any.whl", hash = "sha256:5ddf76296dd8c44c26eb8f4b6f35488f3ccbf6fbbd7adee0b7262d43f0ec2f00", size = 509225, upload_time = "2025-03-25T02:24:58.468Z" },
]

[[package]]
name = "pywarlight"
version = "0.1.0"
source = { virtual = "." }
dependencies = [
    { name = "black" },
    { name = "line-profiler-pycharm" },
    { name = "multipledispatch" },
    { name = "statsmodels" },
    { name = "svgelements" },
    { name = "svgpathtools" },
]

[package.metadata]
requires-dist = [
    { name = "black", specifier = ">=25.1.0" },
    { name = "line-profiler-pycharm", specifier = "==1.2.0" },
    { name = "multipledispatch", specifier = "==1.0.0" },
    { name = "statsmodels", specifier = "==0.14.4" },
    { name = "svgelements", specifier = "==1.9.6" },
    { name = "svgpathtools", specifier = "==1.6.1" },
]

[[package]]
name = "scipy"
version = "1.15.2"
source = { registry = "https://pypi.org/simple" }
dependencies = [
    { name = "numpy" },
]
sdist = { url = "https://files.pythonhosted.org/packages/b7/b9/31ba9cd990e626574baf93fbc1ac61cf9ed54faafd04c479117517661637/scipy-1.15.2.tar.gz", hash = "sha256:cd58a314d92838f7e6f755c8a2167ead4f27e1fd5c1251fd54289569ef3495ec", size = 59417316, upload_time = "2025-02-17T00:42:24.791Z" }
wheels = [
    { url = "https://files.pythonhosted.org/packages/53/40/09319f6e0f276ea2754196185f95cd191cb852288440ce035d5c3a931ea2/scipy-1.15.2-cp313-cp313-macosx_10_13_x86_64.whl", hash = "sha256:01edfac9f0798ad6b46d9c4c9ca0e0ad23dbf0b1eb70e96adb9fa7f525eff0bf", size = 38717587, upload_time = "2025-02-17T00:32:53.196Z" },
    { url = "https://files.pythonhosted.org/packages/fe/c3/2854f40ecd19585d65afaef601e5e1f8dbf6758b2f95b5ea93d38655a2c6/scipy-1.15.2-cp313-cp313-macosx_12_0_arm64.whl", hash = "sha256:08b57a9336b8e79b305a143c3655cc5bdbe6d5ece3378578888d2afbb51c4e37", size = 30100266, upload_time = "2025-02-17T00:32:59.318Z" },
    { url = "https://files.pythonhosted.org/packages/dd/b1/f9fe6e3c828cb5930b5fe74cb479de5f3d66d682fa8adb77249acaf545b8/scipy-1.15.2-cp313-cp313-macosx_14_0_arm64.whl", hash = "sha256:54c462098484e7466362a9f1672d20888f724911a74c22ae35b61f9c5919183d", size = 22373768, upload_time = "2025-02-17T00:33:04.091Z" },
    { url = "https://files.pythonhosted.org/packages/15/9d/a60db8c795700414c3f681908a2b911e031e024d93214f2d23c6dae174ab/scipy-1.15.2-cp313-cp313-macosx_14_0_x86_64.whl", hash = "sha256:cf72ff559a53a6a6d77bd8eefd12a17995ffa44ad86c77a5df96f533d4e6c6bb", size = 25154719, upload_time = "2025-02-17T00:33:08.909Z" },
    { url = "https://files.pythonhosted.org/packages/37/3b/9bda92a85cd93f19f9ed90ade84aa1e51657e29988317fabdd44544f1dd4/scipy-1.15.2-cp313-cp313-manylinux_2_17_aarch64.manylinux2014_aarch64.whl", hash = "sha256:9de9d1416b3d9e7df9923ab23cd2fe714244af10b763975bea9e4f2e81cebd27", size = 35163195, upload_time = "2025-02-17T00:33:15.352Z" },
    { url = "https://files.pythonhosted.org/packages/03/5a/fc34bf1aa14dc7c0e701691fa8685f3faec80e57d816615e3625f28feb43/scipy-1.15.2-cp313-cp313-manylinux_2_17_x86_64.manylinux2014_x86_64.whl", hash = "sha256:fb530e4794fc8ea76a4a21ccb67dea33e5e0e60f07fc38a49e821e1eae3b71a0", size = 37255404, upload_time = "2025-02-17T00:33:22.21Z" },
    { url = "https://files.pythonhosted.org/packages/4a/71/472eac45440cee134c8a180dbe4c01b3ec247e0338b7c759e6cd71f199a7/scipy-1.15.2-cp313-cp313-musllinux_1_2_aarch64.whl", hash = "sha256:5ea7ed46d437fc52350b028b1d44e002646e28f3e8ddc714011aaf87330f2f32", size = 36860011, upload_time = "2025-02-17T00:33:29.446Z" },
    { url = "https://files.pythonhosted.org/packages/01/b3/21f890f4f42daf20e4d3aaa18182dddb9192771cd47445aaae2e318f6738/scipy-1.15.2-cp313-cp313-musllinux_1_2_x86_64.whl", hash = "sha256:11e7ad32cf184b74380f43d3c0a706f49358b904fa7d5345f16ddf993609184d", size = 39657406, upload_time = "2025-02-17T00:33:39.019Z" },
    { url = "https://files.pythonhosted.org/packages/0d/76/77cf2ac1f2a9cc00c073d49e1e16244e389dd88e2490c91d84e1e3e4d126/scipy-1.15.2-cp313-cp313-win_amd64.whl", hash = "sha256:a5080a79dfb9b78b768cebf3c9dcbc7b665c5875793569f48bf0e2b1d7f68f6f", size = 40961243, upload_time = "2025-02-17T00:34:51.024Z" },
    { url = "https://files.pythonhosted.org/packages/4c/4b/a57f8ddcf48e129e6054fa9899a2a86d1fc6b07a0e15c7eebff7ca94533f/scipy-1.15.2-cp313-cp313t-macosx_10_13_x86_64.whl", hash = "sha256:447ce30cee6a9d5d1379087c9e474628dab3db4a67484be1b7dc3196bfb2fac9", size = 38870286, upload_time = "2025-02-17T00:33:47.62Z" },
    { url = "https://files.pythonhosted.org/packages/0c/43/c304d69a56c91ad5f188c0714f6a97b9c1fed93128c691148621274a3a68/scipy-1.15.2-cp313-cp313t-macosx_12_0_arm64.whl", hash = "sha256:c90ebe8aaa4397eaefa8455a8182b164a6cc1d59ad53f79943f266d99f68687f", size = 30141634, upload_time = "2025-02-17T00:33:54.131Z" },
    { url = "https://files.pythonhosted.org/packages/44/1a/6c21b45d2548eb73be9b9bff421aaaa7e85e22c1f9b3bc44b23485dfce0a/scipy-1.15.2-cp313-cp313t-macosx_14_0_arm64.whl", hash = "sha256:def751dd08243934c884a3221156d63e15234a3155cf25978b0a668409d45eb6", size = 22415179, upload_time = "2025-02-17T00:33:59.948Z" },
    { url = "https://files.pythonhosted.org/packages/74/4b/aefac4bba80ef815b64f55da06f62f92be5d03b467f2ce3668071799429a/scipy-1.15.2-cp313-cp313t-macosx_14_0_x86_64.whl", hash = "sha256:302093e7dfb120e55515936cb55618ee0b895f8bcaf18ff81eca086c17bd80af", size = 25126412, upload_time = "2025-02-17T00:34:06.328Z" },
    { url = "https://files.pythonhosted.org/packages/b1/53/1cbb148e6e8f1660aacd9f0a9dfa2b05e9ff1cb54b4386fe868477972ac2/scipy-1.15.2-cp313-cp313t-manylinux_2_17_aarch64.manylinux2014_aarch64.whl", hash = "sha256:7cd5b77413e1855351cdde594eca99c1f4a588c2d63711388b6a1f1c01f62274", size = 34952867, upload_time = "2025-02-17T00:34:12.928Z" },
    { url = "https://files.pythonhosted.org/packages/2c/23/e0eb7f31a9c13cf2dca083828b97992dd22f8184c6ce4fec5deec0c81fcf/scipy-1.15.2-cp313-cp313t-manylinux_2_17_x86_64.manylinux2014_x86_64.whl", hash = "sha256:6d0194c37037707b2afa7a2f2a924cf7bac3dc292d51b6a925e5fcb89bc5c776", size = 36890009, upload_time = "2025-02-17T00:34:19.55Z" },
    { url = "https://files.pythonhosted.org/packages/03/f3/e699e19cabe96bbac5189c04aaa970718f0105cff03d458dc5e2b6bd1e8c/scipy-1.15.2-cp313-cp313t-musllinux_1_2_aarch64.whl", hash = "sha256:bae43364d600fdc3ac327db99659dcb79e6e7ecd279a75fe1266669d9a652828", size = 36545159, upload_time = "2025-02-17T00:34:26.724Z" },
    { url = "https://files.pythonhosted.org/packages/af/f5/ab3838e56fe5cc22383d6fcf2336e48c8fe33e944b9037fbf6cbdf5a11f8/scipy-1.15.2-cp313-cp313t-musllinux_1_2_x86_64.whl", hash = "sha256:f031846580d9acccd0044efd1a90e6f4df3a6e12b4b6bd694a7bc03a89892b28", size = 39136566, upload_time = "2025-02-17T00:34:34.512Z" },
    { url = "https://files.pythonhosted.org/packages/0a/c8/b3f566db71461cabd4b2d5b39bcc24a7e1c119535c8361f81426be39bb47/scipy-1.15.2-cp313-cp313t-win_amd64.whl", hash = "sha256:fe8a9eb875d430d81755472c5ba75e84acc980e4a8f6204d402849234d3017db", size = 40477705, upload_time = "2025-02-17T00:34:43.619Z" },
]

[[package]]
name = "six"
version = "1.17.0"
source = { registry = "https://pypi.org/simple" }
sdist = { url = "https://files.pythonhosted.org/packages/94/e7/b2c673351809dca68a0e064b6af791aa332cf192da575fd474ed7d6f16a2/six-1.17.0.tar.gz", hash = "sha256:ff70335d468e7eb6ec65b95b99d3a2836546063f63acc5171de367e834932a81", size = 34031, upload_time = "2024-12-04T17:35:28.174Z" }
wheels = [
    { url = "https://files.pythonhosted.org/packages/b7/ce/149a00dd41f10bc29e5921b496af8b574d8413afcd5e30dfa0ed46c2cc5e/six-1.17.0-py2.py3-none-any.whl", hash = "sha256:4721f391ed90541fddacab5acf947aa0d3dc7d27b2e1e8eda2be8970586c3274", size = 11050, upload_time = "2024-12-04T17:35:26.475Z" },
]

[[package]]
name = "statsmodels"
version = "0.14.4"
source = { registry = "https://pypi.org/simple" }
dependencies = [
    { name = "numpy" },
    { name = "packaging" },
    { name = "pandas" },
    { name = "patsy" },
    { name = "scipy" },
]
sdist = { url = "https://files.pythonhosted.org/packages/1f/3b/963a015dd8ea17e10c7b0e2f14d7c4daec903baf60a017e756b57953a4bf/statsmodels-0.14.4.tar.gz", hash = "sha256:5d69e0f39060dc72c067f9bb6e8033b6dccdb0bae101d76a7ef0bcc94e898b67", size = 20354802, upload_time = "2024-10-03T16:15:36.273Z" }
wheels = [
    { url = "https://files.pythonhosted.org/packages/31/f8/2662e6a101315ad336f75168fa9bac71f913ebcb92a6be84031d84a0f21f/statsmodels-0.14.4-cp313-cp313-macosx_10_13_x86_64.whl", hash = "sha256:b5a24f5d2c22852d807d2b42daf3a61740820b28d8381daaf59dcb7055bf1a79", size = 10186886, upload_time = "2024-10-03T17:10:44.074Z" },
    { url = "https://files.pythonhosted.org/packages/fa/c0/ee6e8ed35fc1ca9c7538c592f4974547bf72274bc98db1ae4a6e87481a83/statsmodels-0.14.4-cp313-cp313-macosx_11_0_arm64.whl", hash = "sha256:df4f7864606fa843d7e7c0e6af288f034a2160dba14e6ccc09020a3cf67cb092", size = 9880066, upload_time = "2024-10-03T17:10:56.972Z" },
    { url = "https://files.pythonhosted.org/packages/d1/97/3380ca6d8fd66cfb3d12941e472642f26e781a311c355a4e97aab2ed0216/statsmodels-0.14.4-cp313-cp313-manylinux_2_17_aarch64.manylinux2014_aarch64.whl", hash = "sha256:91341cbde9e8bea5fb419a76e09114e221567d03f34ca26e6d67ae2c27d8fe3c", size = 10283521, upload_time = "2024-10-03T17:14:06.216Z" },
    { url = "https://files.pythonhosted.org/packages/fe/2a/55c5b5c5e5124a202ea3fe0bcdbdeceaf91b4ec6164b8434acb9dd97409c/statsmodels-0.14.4-cp313-cp313-manylinux_2_17_x86_64.manylinux2014_x86_64.whl", hash = "sha256:1322286a7bfdde2790bf72d29698a1b76c20b8423a55bdcd0d457969d0041f72", size = 10723228, upload_time = "2024-10-03T17:14:19.587Z" },
    { url = "https://files.pythonhosted.org/packages/4f/76/67747e49dc758daae06f33aad8247b718cd7d224f091d2cd552681215bb2/statsmodels-0.14.4-cp313-cp313-musllinux_1_2_x86_64.whl", hash = "sha256:e31b95ac603415887c9f0d344cb523889cf779bc52d68e27e2d23c358958fec7", size = 10859503, upload_time = "2024-10-03T17:14:32.798Z" },
    { url = "https://files.pythonhosted.org/packages/1d/eb/cb8b01f5edf8f135eb3d0553d159db113a35b2948d0e51eeb735e7ae09ea/statsmodels-0.14.4-cp313-cp313-win_amd64.whl", hash = "sha256:81030108d27aecc7995cac05aa280cf8c6025f6a6119894eef648997936c2dd0", size = 9817574, upload_time = "2024-10-03T16:14:37.461Z" },
]

[[package]]
name = "svgelements"
version = "1.9.6"
source = { registry = "https://pypi.org/simple" }
sdist = { url = "https://files.pythonhosted.org/packages/5d/29/1c93c94a2289675ba2ff898612f9c9a03f46d69f253bdf4da0dfc08a599d/svgelements-1.9.6.tar.gz", hash = "sha256:7c02ad6404cd3d1771fd50e40fbfc0550b0893933466f86a6eb815f3ba3f37f7", size = 162145, upload_time = "2023-08-17T02:01:51.822Z" }
wheels = [
    { url = "https://files.pythonhosted.org/packages/48/2c/6c9bb53db56c8a12a736d2158a8b842a5993b96daabc29d90a098e840280/svgelements-1.9.6-py2.py3-none-any.whl", hash = "sha256:8a5cf2cc066d98e713d5b875b1d6e5eeb9b92e855e835ebd7caab2713ae1dcad", size = 137856, upload_time = "2023-08-17T02:01:48.76Z" },
]

[[package]]
name = "svgpathtools"
version = "1.6.1"
source = { registry = "https://pypi.org/simple" }
dependencies = [
    { name = "numpy" },
    { name = "scipy" },
    { name = "svgwrite" },
]
sdist = { url = "https://files.pythonhosted.org/packages/ac/cc/4eefc59e5fef22fef58cc3a38c56930432fbfa79e6865e8382c5ed1ccc9a/svgpathtools-1.6.1.tar.gz", hash = "sha256:7054e6de1953e295bf565d535d585695453b09f8db4a2f7c4853348732097a3e", size = 2133040, upload_time = "2023-05-20T18:36:00.204Z" }
wheels = [
    { url = "https://files.pythonhosted.org/packages/9a/33/2777b992cff0b4240bbebe96433a37a6382e046d3471fcd14e40e1905ab7/svgpathtools-1.6.1-py2.py3-none-any.whl", hash = "sha256:39967f9a817b8a12cc6dd1646fc162d522fca6c3fd5f8c94913c15ee4cb3a906", size = 67442, upload_time = "2023-05-20T18:35:58.409Z" },
]

[[package]]
name = "svgwrite"
version = "1.4.3"
source = { registry = "https://pypi.org/simple" }
sdist = { url = "https://files.pythonhosted.org/packages/16/c1/263d4e93b543390d86d8eb4fc23d9ce8a8d6efd146f9427364109004fa9b/svgwrite-1.4.3.zip", hash = "sha256:a8fbdfd4443302a6619a7f76bc937fc683daf2628d9b737c891ec08b8ce524c3", size = 189516, upload_time = "2022-07-14T14:05:26.107Z" }
wheels = [
    { url = "https://files.pythonhosted.org/packages/84/15/640e399579024a6875918839454025bb1d5f850bb70d96a11eabb644d11c/svgwrite-1.4.3-py3-none-any.whl", hash = "sha256:bb6b2b5450f1edbfa597d924f9ac2dd099e625562e492021d7dd614f65f8a22d", size = 67122, upload_time = "2022-07-14T14:05:24.459Z" },
]

[[package]]
name = "tzdata"
version = "2025.2"
source = { registry = "https://pypi.org/simple" }
sdist = { url = "https://files.pythonhosted.org/packages/95/32/1a225d6164441be760d75c2c42e2780dc0873fe382da3e98a2e1e48361e5/tzdata-2025.2.tar.gz", hash = "sha256:b60a638fcc0daffadf82fe0f57e53d06bdec2f36c4df66280ae79bce6bd6f2b9", size = 196380, upload_time = "2025-03-23T13:54:43.652Z" }
wheels = [
    { url = "https://files.pythonhosted.org/packages/5c/23/c7abc0ca0a1526a0774eca151daeb8de62ec457e77262b66b359c3c7679e/tzdata-2025.2-py2.py3-none-any.whl", hash = "sha256:1a403fada01ff9221ca8044d701868fa132215d84beb92242d9acd2147f667a8", size = 347839, upload_time = "2025-03-23T13:54:41.845Z" },
]
